
Microsoft Visual Studio Solution File, Format Version 12.00
# Visual Studio Version 16
VisualStudioVersion = 16.0.29521.150
MinimumVisualStudioVersion = 10.0.40219.1
Project("{FAE04EC0-301F-11D3-BF4B-00C04F79EFBC}") = "ImageCompare", "ImageCompare\ImageCompare.csproj", "{46B267C0-768C-40E7-81C8-07836AC5A373}"
EndProject
Global
	GlobalSection(SolutionConfigurationPlatforms) = preSolution
		Debug|Any CPU = Debug|Any CPU
		Release|Any CPU = Release|Any CPU
	EndGlobalSection
	GlobalSection(ProjectConfigurationPlatforms) = postSolution
		{46B267C0-768C-40E7-81C8-07836AC5A373}.Debug|Any CPU.ActiveCfg = Debug|Any CPU
		{46B267C0-768C-40E7-81C8-07836AC5A373}.Debug|Any CPU.Build.0 = Debug|Any CPU
		{46B267C0-768C-40E7-81C8-07836AC5A373}.Release|Any CPU.ActiveCfg = Release|Any CPU
		{46B267C0-768C-40E7-81C8-07836AC5A373}.Release|Any CPU.Build.0 = Release|Any CPU
	EndGlobalSection
	GlobalSection(SolutionProperties) = preSolution
		HideSolutionNode = FALSE
	EndGlobalSection
	GlobalSection(ExtensibilityGlobals) = postSolution
		SolutionGuid = {6BD762EA-5E33-449D-8956-3E8D45A07616}
	EndGlobalSection
EndGlobal
